// !$*UTF8*$!
{
	archiveVersion = 1;
	classes = {
	};
	objectVersion = 46;
	objects = {

/* Begin PBXBuildFile section */
		91A15E0B1E9494FF005AD1FD /* AppDelegate.m in Sources */ = {isa = PBXBuildFile; fileRef = 91A15E0A1E9494FF005AD1FD /* AppDelegate.m */; };
		91A15E0E1E9494FF005AD1FD /* main.m in Sources */ = {isa = PBXBuildFile; fileRef = 91A15E0D1E9494FF005AD1FD /* main.m */; };
		91A15E111E9494FF005AD1FD /* ViewController.m in Sources */ = {isa = PBXBuildFile; fileRef = 91A15E101E9494FF005AD1FD /* ViewController.m */; };
		91A15E131E9494FF005AD1FD /* Assets.xcassets in Resources */ = {isa = PBXBuildFile; fileRef = 91A15E121E9494FF005AD1FD /* Assets.xcassets */; };
		91A15E161E9494FF005AD1FD /* Main.storyboard in Resources */ = {isa = PBXBuildFile; fileRef = 91A15E141E9494FF005AD1FD /* Main.storyboard */; };
/* End PBXBuildFile section */

/* Begin PBXFileReference section */
		91A15E061E9494FF005AD1FD /* ChangeView.app */ = {isa = PBXFileReference; explicitFileType = wrapper.application; includeInIndex = 0; path = ChangeView.app; sourceTree = BUILT_PRODUCTS_DIR; };
		91A15E091E9494FF005AD1FD /* AppDelegate.h */ = {isa = PBXFileReference; lastKnownFileType = sourcecode.c.h; path = AppDelegate.h; sourceTree = "<group>"; };
		91A15E0A1E9494FF005AD1FD /* AppDelegate.m */ = {isa = PBXFileReference; lastKnownFileType = sourcecode.c.objc; path = AppDelegate.m; sourceTree = "<group>"; };
		91A15E0D1E9494FF005AD1FD /* main.m */ = {isa = PBXFileReference; lastKnownFileType = sourcecode.c.objc; path = main.m; sourceTree = "<group>"; };
		91A15E0F1E9494FF005AD1FD /* ViewController.h */ = {isa = PBXFileReference; lastKnownFileType = sourcecode.c.h; path = ViewController.h; sourceTree = "<group>"; };
		91A15E101E9494FF005AD1FD /* ViewController.m */ = {isa = PBXFileReference; lastKnownFileType = sourcecode.c.objc; path = ViewController.m; sourceTree = "<group>"; };
		91A15E121E9494FF005AD1FD /* Assets.xcassets */ = {isa = PBXFileReference; lastKnownFileType = folder.assetcatalog; path = Assets.xcassets; sourceTree = "<group>"; };
		91A15E151E9494FF005AD1FD /* Base */ = {isa = PBXFileReference; lastKnownFileType = file.storyboard; name = Base; path = Base.lproj/Main.storyboard; sourceTree = "<group>"; };
		91A15E171E9494FF005AD1FD /* Info.plist */ = {isa = PBXFileReference; lastKnownFileType = text.plist.xml; path = Info.plist; sourceTree = "<group>"; };
/* End PBXFileReference section */

/* Begin PBXFrameworksBuildPhase section */
		91A15E031E9494FF005AD1FD /* Frameworks */ = {
			isa = PBXFrameworksBuildPhase;
			buildActionMask = 2147483647;
			files = (
			);
			runOnlyForDeploymentPostprocessing = 0;
		};
/* End PBXFrameworksBuildPhase section */

/* Begin PBXGroup section */
		91A15DFD1E9494FF005AD1FD = {
			isa = PBXGroup;
			children = (
				91A15E081E9494FF005AD1FD /* ChangeView */,
				91A15E071E9494FF005AD1FD /* Products */,
			);
			sourceTree = "<group>";
		};
		91A15E071E9494FF005AD1FD /* Products */ = {
			isa = PBXGroup;
			children = (
				91A15E061E9494FF005AD1FD /* ChangeView.app */,
			);
			name = Products;
			sourceTree = "<group>";
		};
		91A15E081E9494FF005AD1FD /* ChangeView */ = {
			isa = PBXGroup;
			children = (
				91A15E091E9494FF005AD1FD /* AppDelegate.h */,
				91A15E0A1E9494FF005AD1FD /* AppDelegate.m */,
				91A15E0F1E9494FF005AD1FD /* ViewController.h */,
				91A15E101E9494FF005AD1FD /* ViewController.m */,
				91A15E121E9494FF005AD1FD /* Assets.xcassets */,
				91A15E141E9494FF005AD1FD /* Main.storyboard */,
				91A15E171E9494FF005AD1FD /* Info.plist */,
				91A15E0C1E9494FF005AD1FD /* Supporting Files */,
			);
			path = ChangeView;
			sourceTree = "<group>";
		};
		91A15E0C1E9494FF005AD1FD /* Supporting Files */ = {
			isa = PBXGroup;
			children = (
				91A15E0D1E9494FF005AD1FD /* main.m */,
			);
			name = "Supporting Files";
			sourceTree = "<group>";
		};
/* End PBXGroup section */

/* Begin PBXNativeTarget section */
		91A15E051E9494FF005AD1FD /* ChangeView */ = {
			isa = PBXNativeTarget;
			buildConfigurationList = 91A15E1A1E9494FF005AD1FD /* Build configuration list for PBXNativeTarget "ChangeView" */;
			buildPhases = (
				91A15E021E9494FF005AD1FD /* Sources */,
				91A15E031E9494FF005AD1FD /* Frameworks */,
				91A15E041E9494FF005AD1FD /* Resources */,
			);
			buildRules = (
			);
			dependencies = (
			);
			name = ChangeView;
			productName = ChangeView;
			productReference = 91A15E061E9494FF005AD1FD /* ChangeView.app */;
			productType = "com.apple.product-type.application";
		};
/* End PBXNativeTarget section */

/* Begin PBXProject section */
		91A15DFE1E9494FF005AD1FD /* Project object */ = {
			isa = PBXProject;
			attributes = {
				LastUpgradeCheck = 0830;
				ORGANIZATIONNAME = shibiao;
				TargetAttributes = {
					91A15E051E9494FF005AD1FD = {
						CreatedOnToolsVersion = 8.3;
						DevelopmentTeam = M54Y5FDG74;
						ProvisioningStyle = Automatic;
					};
				};
			};
			buildConfigurationList = 91A15E011E9494FF005AD1FD /* Build configuration list for PBXProject "ChangeView" */;
			compatibilityVersion = "Xcode 3.2";
			developmentRegion = English;
			hasScannedForEncodings = 0;
			knownRegions = (
				en,
				Base,
			);
			mainGroup = 91A15DFD1E9494FF005AD1FD;
			productRefGroup = 91A15E071E9494FF005AD1FD /* Products */;
			projectDirPath = "";
			projectRoot = "";
			targets = (
				91A15E051E9494FF005AD1FD /* ChangeView */,
			);
		};
/* End PBXProject section */

/* Begin PBXResourcesBuildPhase section */
		91A15E041E9494FF005AD1FD /* Resources */ = {
			isa = PBXResourcesBuildPhase;
			buildActionMask = 2147483647;
			files = (
				91A15E131E9494FF005AD1FD /* Assets.xcassets in Resources */,
				91A15E161E9494FF005AD1FD /* Main.storyboard in Resources */,
			);
			runOnlyForDeploymentPostprocessing = 0;
		};
/* End PBXResourcesBuildPhase section */

/* Begin PBXSourcesBuildPhase section */
		91A15E021E9494FF005AD1FD /* Sources */ = {
			isa = PBXSourcesBuildPhase;
			buildActionMask = 2147483647;
			files = (
				91A15E111E9494FF005AD1FD /* ViewController.m in Sources */,
				91A15E0E1E9494FF005AD1FD /* main.m in Sources */,
				91A15E0B1E9494FF005AD1FD /* AppDelegate.m in Sources */,
			);
			runOnlyForDeploymentPostprocessing = 0;
		};
/* End PBXSourcesBuildPhase section */

/* Begin PBXVariantGroup section */
		91A15E141E9494FF005AD1FD /* Main.storyboard */ = {
			isa = PBXVariantGroup;
			children = (
				91A15E151E9494FF005AD1FD /* Base */,
			);
			name = Main.storyboard;
			sourceTree = "<group>";
		};
/* End PBXVariantGroup section */

/* Begin XCBuildConfiguration section */
		91A15E181E9494FF005AD1FD /* Debug */ = {
			isa = XCBuildConfiguration;
			buildSettings = {
				ALWAYS_SEARCH_USER_PATHS = NO;
				CLANG_ANALYZER_NONNULL = YES;
				CLANG_ANALYZER_NUMBER_OBJECT_CONVERSION = YES_AGGRESSIVE;
				CLANG_CXX_LANGUAGE_STANDARD = "gnu++0x";
				CLANG_CXX_LIBRARY = "libc++";
				CLANG_ENABLE_MODULES = YES;
				CLANG_ENABLE_OBJC_ARC = YES;
				CLANG_WARN_BOOL_CONVERSION = YES;
				CLANG_WARN_CONSTANT_CONVERSION = YES;
				CLANG_WARN_DIRECT_OBJC_ISA_USAGE = YES_ERROR;
				CLANG_WARN_DOCUMENTATION_COMMENTS = YES;
				CLANG_WARN_EMPTY_BODY = YES;
				CLANG_WARN_ENUM_CONVERSION = YES;
				CLANG_WARN_INFINITE_RECURSION = YES;
				CLANG_WARN_INT_CONVERSION = YES;
				CLANG_WARN_OBJC_ROOT_CLASS = YES_ERROR;
				CLANG_WARN_SUSPICIOUS_MOVE = YES;
				CLANG_WARN_UNREACHABLE_CODE = YES;
				CLANG_WARN__DUPLICATE_METHOD_MATCH = YES;
				CODE_SIGN_IDENTITY = "-";
				COPY_PHASE_STRIP = NO;
				DEBUG_INFORMATION_FORMAT = dwarf;
				ENABLE_STRICT_OBJC_MSGSEND = YES;
				ENABLE_TESTABILITY = YES;
				GCC_C_LANGUAGE_STANDARD = gnu99;
				GCC_DYNAMIC_NO_PIC = NO;
				GCC_NO_COMMON_BLOCKS = YES;
				GCC_OPTIMIZATION_LEVEL = 0;
				GCC_PREPROCESSOR_DEFINITIONS = (
					"DEBUG=1",
					"$(inherited)",
				);
				GCC_WARN_64_TO_32_BIT_CONVERSION = YES;
				GCC_WARN_ABOUT_RETURN_TYPE = YES_ERROR;
				GCC_WARN_UNDECLARED_SELECTOR = YES;
				GCC_WARN_UNINITIALIZED_AUTOS = YES_AGGRESSIVE;
				GCC_WARN_UNUSED_FUNCTION = YES;
				GCC_WARN_UNUSED_VARIABLE = YES;
				MACOSX_DEPLOYMENT_TARGET = 10.12;
				MTL_ENABLE_DEBUG_INFO = YES;
				ONLY_ACTIVE_ARCH = YES;
				SDKROOT = macosx;
			};
			name = Debug;
		};
		91A15E191E9494FF005AD1FD /* Release */ = {
			isa = XCBuildConfiguration;
			buildSettings = {
				ALWAYS_SEARCH_USER_PATHS = NO;
				CLANG_ANALYZER_NONNULL = YES;
				CLANG_ANALYZER_NUMBER_OBJECT_CONVERSION = YES_AGGRESSIVE;
				CLANG_CXX_LANGUAGE_STANDARD = "gnu++0x";
				CLANG_CXX_LIBRARY = "libc++";
				CLANG_ENABLE_MODULES = YES;
				CLANG_ENABLE_OBJC_ARC = YES;
				CLANG_WARN_BOOL_CONVERSION = YES;
				CLANG_WARN_CONSTANT_CONVERSION = YES;
				CLANG_WARN_DIRECT_OBJC_ISA_USAGE = YES_ERROR;
				CLANG_WARN_DOCUMENTATION_COMMENTS = YES;
				CLANG_WARN_EMPTY_BODY = YES;
				CLANG_WARN_ENUM_CONVERSION = YES;
				CLANG_WARN_INFINITE_RECURSION = YES;
				CLANG_WARN_INT_CONVERSION = YES;
				CLANG_WARN_OBJC_ROOT_CLASS = YES_ERROR;
				CLANG_WARN_SUSPICIOUS_MOVE = YES;
				CLANG_WARN_UNREACHABLE_CODE = YES;
				CLANG_WARN__DUPLICATE_METHOD_MATCH = YES;
				CODE_SIGN_IDENTITY = "-";
				COPY_PHASE_STRIP = NO;
				DEBUG_INFORMATION_FORMAT = "dwarf-with-dsym";
				ENABLE_NS_ASSERTIONS = NO;
				ENABLE_STRICT_OBJC_MSGSEND = YES;
				GCC_C_LANGUAGE_STANDARD = gnu99;
				GCC_NO_COMMON_BLOCKS = YES;
				GCC_WARN_64_TO_32_BIT_CONVERSION = YES;
				GCC_WARN_ABOUT_RETURN_TYPE = YES_ERROR;
				GCC_WARN_UNDECLARED_SELECTOR = YES;
				GCC_WARN_UNINITIALIZED_AUTOS = YES_AGGRESSIVE;
				GCC_WARN_UNUSED_FUNCTION = YES;
				GCC_WARN_UNUSED_VARIABLE = YES;
				MACOSX_DEPLOYMENT_TARGET = 10.12;
				MTL_ENABLE_DEBUG_INFO = NO;
				SDKROOT = macosx;
			};
			name = Release;
		};
		91A15E1B1E9494FF005AD1FD /* Debug */ = {
			isa = XCBuildConfiguration;
			buildSettings = {
				ASSETCATALOG_COMPILER_APPICON_NAME = AppIcon;
				COMBINE_HIDPI_IMAGES = YES;
				DEVELOPMENT_TEAM = M54Y5FDG74;
				INFOPLIST_FILE = ChangeView/Info.plist;
				LD_RUNPATH_SEARCH_PATHS = "$(inherited) @executable_path/../Frameworks";
				PRODUCT_BUNDLE_IDENTIFIER = s.ChangeView;
				PRODUCT_NAME = "$(TARGET_NAME)";
			};
			name = Debug;
		};
		91A15E1C1E9494FF005AD1FD /* Release */ = {
			isa = XCBuildConfiguration;
			buildSettings = {
				ASSETCATALOG_COMPILER_APPICON_NAME = AppIcon;
				COMBINE_HIDPI_IMAGES = YES;
				DEVELOPMENT_TEAM = M54Y5FDG74;
				INFOPLIST_FILE = ChangeView/Info.plist;
				LD_RUNPATH_SEARCH_PATHS = "$(inherited) @executable_path/../Frameworks";
				PRODUCT_BUNDLE_IDENTIFIER = s.ChangeView;
				PRODUCT_NAME = "$(TARGET_NAME)";
			};
			name = Release;
		};
/* End XCBuildConfiguration section */

/* Begin XCConfigurationList section */
		91A15E011E9494FF005AD1FD /* Build configuration list for PBXProject "ChangeView" */ = {
			isa = XCConfigurationList;
			buildConfigurations = (
				91A15E181E9494FF005AD1FD /* Debug */,
				91A15E191E9494FF005AD1FD /* Release */,
			);
			defaultConfigurationIsVisible = 0;
			defaultConfigurationName = Release;
		};
		91A15E1A1E9494FF005AD1FD /* Build configuration list for PBXNativeTarget "ChangeView" */ = {
			isa = XCConfigurationList;
			buildConfigurations = (
				91A15E1B1E9494FF005AD1FD /* Debug */,
				91A15E1C1E9494FF005AD1FD /* Release */,
			);
			defaultConfigurationIsVisible = 0;
		};
/* End XCConfigurationList section */
	};
	rootObject = 91A15DFE1E9494FF005AD1FD /* Project object */;
}
